
Microsoft Visual Studio Solution File, Format Version 11.00
# Visual C# Express 2010
Project("{FAE04EC0-301F-11D3-BF4B-00C04F79EFBC}") = "KinectDaemon", "KinectDaemon\KinectDaemon.csproj", "{749BA7FA-2825-4BAF-B99B-21E6E38BAD28}"
EndProject
Global
	GlobalSection(SolutionConfigurationPlatforms) = preSolution
		Debug|x86 = Debug|x86
		Release|x86 = Release|x86
	EndGlobalSection
	GlobalSection(ProjectConfigurationPlatforms) = postSolution
		{749BA7FA-2825-4BAF-B99B-21E6E38BAD28}.Debug|x86.ActiveCfg = Debug|x86
		{749BA7FA-2825-4BAF-B99B-21E6E38BAD28}.Debug|x86.Build.0 = Debug|x86
		{749BA7FA-2825-4BAF-B99B-21E6E38BAD28}.Release|x86.ActiveCfg = Release|x86
		{749BA7FA-2825-4BAF-B99B-21E6E38BAD28}.Release|x86.Build.0 = Release|x86
	EndGlobalSection
	GlobalSection(SolutionProperties) = preSolution
		HideSolutionNode = FALSE
	EndGlobalSection
EndGlobal
